
Microsoft Visual Studio Solution File, Format Version 12.00
# Visual Studio Version 16
VisualStudioVersion = 16.0.30011.22
MinimumVisualStudioVersion = 10.0.40219.1
Project("{9A19103F-16F7-4668-BE54-9A1E7A4F7556}") = "Domain", "src\Domain\Domain.csproj", "{D0911F85-0D35-4079-83AC-8DB9D38D536C}"
EndProject
Project("{9A19103F-16F7-4668-BE54-9A1E7A4F7556}") = "Presentation.API", "src\Presentation.API\Presentation.API.csproj", "{F9111CBB-9351-47BF-A348-7114700C1B8B}"
EndProject
Project("{9A19103F-16F7-4668-BE54-9A1E7A4F7556}") = "VocabularyBuilder.API.IntegrationTests", "tests\VocabularyBuilder.API.IntegrationTests\VocabularyBuilder.API.IntegrationTests.csproj", "{4CB0EB0E-5EC9-4BDA-91AF-6949AA248C66}"
EndProject
Project("{9A19103F-16F7-4668-BE54-9A1E7A4F7556}") = "VocabularyBuilder.UnitTests", "tests\VocabularyBuilder.UnitTests\VocabularyBuilder.UnitTests.csproj", "{14293126-A71D-4AD3-9244-AD4FC7020D32}"
EndProject
Project("{9A19103F-16F7-4668-BE54-9A1E7A4F7556}") = "Application", "src\Application\Application.csproj", "{8B0D82A5-A10E-4BC7-81DB-77A44BE6E365}"
EndProject
Project("{9A19103F-16F7-4668-BE54-9A1E7A4F7556}") = "Infrastructure", "src\Infrastructure\Infrastructure.csproj", "{55803664-EF03-4AC9-A26B-B36B932A2492}"
EndProject
Global
	GlobalSection(SolutionConfigurationPlatforms) = preSolution
		Debug|Any CPU = Debug|Any CPU
		Release|Any CPU = Release|Any CPU
	EndGlobalSection
	GlobalSection(ProjectConfigurationPlatforms) = postSolution
		{D0911F85-0D35-4079-83AC-8DB9D38D536C}.Debug|Any CPU.ActiveCfg = Debug|Any CPU
		{D0911F85-0D35-4079-83AC-8DB9D38D536C}.Debug|Any CPU.Build.0 = Debug|Any CPU
		{D0911F85-0D35-4079-83AC-8DB9D38D536C}.Release|Any CPU.ActiveCfg = Release|Any CPU
		{D0911F85-0D35-4079-83AC-8DB9D38D536C}.Release|Any CPU.Build.0 = Release|Any CPU
		{F9111CBB-9351-47BF-A348-7114700C1B8B}.Debug|Any CPU.ActiveCfg = Debug|Any CPU
		{F9111CBB-9351-47BF-A348-7114700C1B8B}.Debug|Any CPU.Build.0 = Debug|Any CPU
		{F9111CBB-9351-47BF-A348-7114700C1B8B}.Release|Any CPU.ActiveCfg = Release|Any CPU
		{F9111CBB-9351-47BF-A348-7114700C1B8B}.Release|Any CPU.Build.0 = Release|Any CPU
		{4CB0EB0E-5EC9-4BDA-91AF-6949AA248C66}.Debug|Any CPU.ActiveCfg = Debug|Any CPU
		{4CB0EB0E-5EC9-4BDA-91AF-6949AA248C66}.Debug|Any CPU.Build.0 = Debug|Any CPU
		{4CB0EB0E-5EC9-4BDA-91AF-6949AA248C66}.Release|Any CPU.ActiveCfg = Release|Any CPU
		{4CB0EB0E-5EC9-4BDA-91AF-6949AA248C66}.Release|Any CPU.Build.0 = Release|Any CPU
		{14293126-A71D-4AD3-9244-AD4FC7020D32}.Debug|Any CPU.ActiveCfg = Debug|Any CPU
		{14293126-A71D-4AD3-9244-AD4FC7020D32}.Debug|Any CPU.Build.0 = Debug|Any CPU
		{14293126-A71D-4AD3-9244-AD4FC7020D32}.Release|Any CPU.ActiveCfg = Release|Any CPU
		{14293126-A71D-4AD3-9244-AD4FC7020D32}.Release|Any CPU.Build.0 = Release|Any CPU
		{8B0D82A5-A10E-4BC7-81DB-77A44BE6E365}.Debug|Any CPU.ActiveCfg = Debug|Any CPU
		{8B0D82A5-A10E-4BC7-81DB-77A44BE6E365}.Debug|Any CPU.Build.0 = Debug|Any CPU
		{8B0D82A5-A10E-4BC7-81DB-77A44BE6E365}.Release|Any CPU.ActiveCfg = Release|Any CPU
		{8B0D82A5-A10E-4BC7-81DB-77A44BE6E365}.Release|Any CPU.Build.0 = Release|Any CPU
		{55803664-EF03-4AC9-A26B-B36B932A2492}.Debug|Any CPU.ActiveCfg = Debug|Any CPU
		{55803664-EF03-4AC9-A26B-B36B932A2492}.Debug|Any CPU.Build.0 = Debug|Any CPU
		{55803664-EF03-4AC9-A26B-B36B932A2492}.Release|Any CPU.ActiveCfg = Release|Any CPU
		{55803664-EF03-4AC9-A26B-B36B932A2492}.Release|Any CPU.Build.0 = Release|Any CPU
	EndGlobalSection
	GlobalSection(SolutionProperties) = preSolution
		HideSolutionNode = FALSE
	EndGlobalSection
	GlobalSection(ExtensibilityGlobals) = postSolution
		SolutionGuid = {72D641A8-7871-4240-862A-8E61A50B27D6}
	EndGlobalSection
EndGlobal
