
Microsoft Visual Studio Solution File, Format Version 12.00
# Visual Studio Version 16
VisualStudioVersion = 16.0.30104.148
MinimumVisualStudioVersion = 10.0.40219.1
Project("{FAE04EC0-301F-11D3-BF4B-00C04F79EFBC}") = "Domain", "src\Domain\Domain.csproj", "{F8C5FF45-187A-4A5A-B0D0-28D14AEAB1ED}"
EndProject
Project("{FAE04EC0-301F-11D3-BF4B-00C04F79EFBC}") = "Application", "src\Application\Application.csproj", "{C6DF7083-6A94-4230-83F1-4F62309980CD}"
EndProject
Project("{FAE04EC0-301F-11D3-BF4B-00C04F79EFBC}") = "Infrastructure", "src\Infrastructure\Infrastructure.csproj", "{C211EA61-E8B6-4C05-A933-B68D6467E2D2}"
EndProject
Project("{FAE04EC0-301F-11D3-BF4B-00C04F79EFBC}") = "WebAPI", "src\WebAPI\WebAPI.csproj", "{12635EDD-9734-44BE-9E34-267DB5A77A73}"
EndProject
Project("{FAE04EC0-301F-11D3-BF4B-00C04F79EFBC}") = "VocabularyBuilder.UnitTests", "tests\VocabularyBuilder.UnitTests\VocabularyBuilder.UnitTests.csproj", "{77D0A920-54B8-416C-B806-C701A327AA5B}"
EndProject
Global
	GlobalSection(SolutionConfigurationPlatforms) = preSolution
		Debug|Any CPU = Debug|Any CPU
		Release|Any CPU = Release|Any CPU
	EndGlobalSection
	GlobalSection(ProjectConfigurationPlatforms) = postSolution
		{F8C5FF45-187A-4A5A-B0D0-28D14AEAB1ED}.Debug|Any CPU.ActiveCfg = Debug|Any CPU
		{F8C5FF45-187A-4A5A-B0D0-28D14AEAB1ED}.Debug|Any CPU.Build.0 = Debug|Any CPU
		{F8C5FF45-187A-4A5A-B0D0-28D14AEAB1ED}.Release|Any CPU.ActiveCfg = Release|Any CPU
		{F8C5FF45-187A-4A5A-B0D0-28D14AEAB1ED}.Release|Any CPU.Build.0 = Release|Any CPU
		{C6DF7083-6A94-4230-83F1-4F62309980CD}.Debug|Any CPU.ActiveCfg = Debug|Any CPU
		{C6DF7083-6A94-4230-83F1-4F62309980CD}.Debug|Any CPU.Build.0 = Debug|Any CPU
		{C6DF7083-6A94-4230-83F1-4F62309980CD}.Release|Any CPU.ActiveCfg = Release|Any CPU
		{C6DF7083-6A94-4230-83F1-4F62309980CD}.Release|Any CPU.Build.0 = Release|Any CPU
		{C211EA61-E8B6-4C05-A933-B68D6467E2D2}.Debug|Any CPU.ActiveCfg = Debug|Any CPU
		{C211EA61-E8B6-4C05-A933-B68D6467E2D2}.Debug|Any CPU.Build.0 = Debug|Any CPU
		{C211EA61-E8B6-4C05-A933-B68D6467E2D2}.Release|Any CPU.ActiveCfg = Release|Any CPU
		{C211EA61-E8B6-4C05-A933-B68D6467E2D2}.Release|Any CPU.Build.0 = Release|Any CPU
		{12635EDD-9734-44BE-9E34-267DB5A77A73}.Debug|Any CPU.ActiveCfg = Debug|Any CPU
		{12635EDD-9734-44BE-9E34-267DB5A77A73}.Debug|Any CPU.Build.0 = Debug|Any CPU
		{12635EDD-9734-44BE-9E34-267DB5A77A73}.Release|Any CPU.ActiveCfg = Release|Any CPU
		{12635EDD-9734-44BE-9E34-267DB5A77A73}.Release|Any CPU.Build.0 = Release|Any CPU
		{77D0A920-54B8-416C-B806-C701A327AA5B}.Debug|Any CPU.ActiveCfg = Debug|Any CPU
		{77D0A920-54B8-416C-B806-C701A327AA5B}.Debug|Any CPU.Build.0 = Debug|Any CPU
		{77D0A920-54B8-416C-B806-C701A327AA5B}.Release|Any CPU.ActiveCfg = Release|Any CPU
		{77D0A920-54B8-416C-B806-C701A327AA5B}.Release|Any CPU.Build.0 = Release|Any CPU
	EndGlobalSection
	GlobalSection(SolutionProperties) = preSolution
		HideSolutionNode = FALSE
	EndGlobalSection
	GlobalSection(ExtensibilityGlobals) = postSolution
		SolutionGuid = {9CCF5D75-A026-488D-AB51-DEC58E643F4D}
	EndGlobalSection
EndGlobal
